
Microsoft Visual Studio Solution File, Format Version 12.00
# Visual Studio Version 16
VisualStudioVersion = 16.0.31129.286
MinimumVisualStudioVersion = 10.0.40219.1
Project("{9A19103F-16F7-4668-BE54-9A1E7A4F7556}") = "VuberCore", "VuberCore\VuberCore.csproj", "{95C601EE-5624-4961-AEE0-E080C1639102}"
EndProject
Project("{9A19103F-16F7-4668-BE54-9A1E7A4F7556}") = "VuberServer", "VuberServer\VuberServer.csproj", "{8AF673C7-8166-44DE-9B30-899B67F57FF2}"
EndProject
Project("{FAE04EC0-301F-11D3-BF4B-00C04F79EFBC}") = "VuberDriverClient", "VuberDriverClient\VuberDriverClient.csproj", "{AE3D7CAB-B2F5-4AB0-960E-CA7E094724FF}"
EndProject
Project("{FAE04EC0-301F-11D3-BF4B-00C04F79EFBC}") = "VuberClientClient", "VuberClientClient\VuberClientClient.csproj", "{4A979F80-A126-4D32-B083-3146783ECDC7}"
EndProject
Global
	GlobalSection(SolutionConfigurationPlatforms) = preSolution
		Debug|Any CPU = Debug|Any CPU
		Release|Any CPU = Release|Any CPU
	EndGlobalSection
	GlobalSection(ProjectConfigurationPlatforms) = postSolution
		{95C601EE-5624-4961-AEE0-E080C1639102}.Debug|Any CPU.ActiveCfg = Debug|Any CPU
		{95C601EE-5624-4961-AEE0-E080C1639102}.Debug|Any CPU.Build.0 = Debug|Any CPU
		{95C601EE-5624-4961-AEE0-E080C1639102}.Release|Any CPU.ActiveCfg = Release|Any CPU
		{95C601EE-5624-4961-AEE0-E080C1639102}.Release|Any CPU.Build.0 = Release|Any CPU
		{8AF673C7-8166-44DE-9B30-899B67F57FF2}.Debug|Any CPU.ActiveCfg = Debug|Any CPU
		{8AF673C7-8166-44DE-9B30-899B67F57FF2}.Debug|Any CPU.Build.0 = Debug|Any CPU
		{8AF673C7-8166-44DE-9B30-899B67F57FF2}.Release|Any CPU.ActiveCfg = Release|Any CPU
		{8AF673C7-8166-44DE-9B30-899B67F57FF2}.Release|Any CPU.Build.0 = Release|Any CPU
		{AE3D7CAB-B2F5-4AB0-960E-CA7E094724FF}.Debug|Any CPU.ActiveCfg = Debug|Any CPU
		{AE3D7CAB-B2F5-4AB0-960E-CA7E094724FF}.Debug|Any CPU.Build.0 = Debug|Any CPU
		{AE3D7CAB-B2F5-4AB0-960E-CA7E094724FF}.Release|Any CPU.ActiveCfg = Release|Any CPU
		{AE3D7CAB-B2F5-4AB0-960E-CA7E094724FF}.Release|Any CPU.Build.0 = Release|Any CPU
		{4A979F80-A126-4D32-B083-3146783ECDC7}.Debug|Any CPU.ActiveCfg = Debug|Any CPU
		{4A979F80-A126-4D32-B083-3146783ECDC7}.Debug|Any CPU.Build.0 = Debug|Any CPU
		{4A979F80-A126-4D32-B083-3146783ECDC7}.Release|Any CPU.ActiveCfg = Release|Any CPU
		{4A979F80-A126-4D32-B083-3146783ECDC7}.Release|Any CPU.Build.0 = Release|Any CPU
	EndGlobalSection
	GlobalSection(SolutionProperties) = preSolution
		HideSolutionNode = FALSE
	EndGlobalSection
	GlobalSection(ExtensibilityGlobals) = postSolution
		SolutionGuid = {B50E2B8C-A1FF-4221-A448-6D0E9FBE82FB}
	EndGlobalSection
EndGlobal
