
Microsoft Visual Studio Solution File, Format Version 12.00
Project("{FAE04EC0-301F-11D3-BF4B-00C04F79EFBC}") = "VuberCore", "VuberCore\VuberCore.csproj", "{95C601EE-5624-4961-AEE0-E080C1639102}"
EndProject
Project("{FAE04EC0-301F-11D3-BF4B-00C04F79EFBC}") = "VuberServer", "VuberServer\VuberServer.csproj", "{8AF673C7-8166-44DE-9B30-899B67F57FF2}"
EndProject
Global
	GlobalSection(SolutionConfigurationPlatforms) = preSolution
		Debug|Any CPU = Debug|Any CPU
		Release|Any CPU = Release|Any CPU
	EndGlobalSection
	GlobalSection(ProjectConfigurationPlatforms) = postSolution
		{95C601EE-5624-4961-AEE0-E080C1639102}.Debug|Any CPU.ActiveCfg = Debug|Any CPU
		{95C601EE-5624-4961-AEE0-E080C1639102}.Debug|Any CPU.Build.0 = Debug|Any CPU
		{95C601EE-5624-4961-AEE0-E080C1639102}.Release|Any CPU.ActiveCfg = Release|Any CPU
		{95C601EE-5624-4961-AEE0-E080C1639102}.Release|Any CPU.Build.0 = Release|Any CPU
		{8AF673C7-8166-44DE-9B30-899B67F57FF2}.Debug|Any CPU.ActiveCfg = Debug|Any CPU
		{8AF673C7-8166-44DE-9B30-899B67F57FF2}.Debug|Any CPU.Build.0 = Debug|Any CPU
		{8AF673C7-8166-44DE-9B30-899B67F57FF2}.Release|Any CPU.ActiveCfg = Release|Any CPU
		{8AF673C7-8166-44DE-9B30-899B67F57FF2}.Release|Any CPU.Build.0 = Release|Any CPU
	EndGlobalSection
EndGlobal
